// !$*UTF8*$!
{
	archiveVersion = 1;
	classes = {
	};
	objectVersion = 46;
	objects = {

/* Begin PBXBuildFile section */
		7E86ECE81DEF6AEC0032478E /* AppDelegate.swift in Sources */ = {isa = PBXBuildFile; fileRef = 7E86ECE71DEF6AEC0032478E /* AppDelegate.swift */; };
		7E86ECEA1DEF6AEC0032478E /* ViewController.swift in Sources */ = {isa = PBXBuildFile; fileRef = 7E86ECE91DEF6AEC0032478E /* ViewController.swift */; };
		7E86ECED1DEF6AEC0032478E /* Main.storyboard in Resources */ = {isa = PBXBuildFile; fileRef = 7E86ECEB1DEF6AEC0032478E /* Main.storyboard */; };
		7E86ECEF1DEF6AEC0032478E /* Assets.xcassets in Resources */ = {isa = PBXBuildFile; fileRef = 7E86ECEE1DEF6AEC0032478E /* Assets.xcassets */; };
		7E86ECF21DEF6AEC0032478E /* LaunchScreen.storyboard in Resources */ = {isa = PBXBuildFile; fileRef = 7E86ECF01DEF6AEC0032478E /* LaunchScreen.storyboard */; };
/* End PBXBuildFile section */

/* Begin PBXFileReference section */
		7E86ECE41DEF6AEC0032478E /* TipPro.app */ = {isa = PBXFileReference; explicitFileType = wrapper.application; includeInIndex = 0; path = TipPro.app; sourceTree = BUILT_PRODUCTS_DIR; };
		7E86ECE71DEF6AEC0032478E /* AppDelegate.swift */ = {isa = PBXFileReference; lastKnownFileType = sourcecode.swift; path = AppDelegate.swift; sourceTree = "<group>"; };
		7E86ECE91DEF6AEC0032478E /* ViewController.swift */ = {isa = PBXFileReference; lastKnownFileType = sourcecode.swift; path = ViewController.swift; sourceTree = "<group>"; };
		7E86ECEC1DEF6AEC0032478E /* Base */ = {isa = PBXFileReference; lastKnownFileType = file.storyboard; name = Base; path = Base.lproj/Main.storyboard; sourceTree = "<group>"; };
		7E86ECEE1DEF6AEC0032478E /* Assets.xcassets */ = {isa = PBXFileReference; lastKnownFileType = folder.assetcatalog; path = Assets.xcassets; sourceTree = "<group>"; };
		7E86ECF11DEF6AEC0032478E /* Base */ = {isa = PBXFileReference; lastKnownFileType = file.storyboard; name = Base; path = Base.lproj/LaunchScreen.storyboard; sourceTree = "<group>"; };
		7E86ECF31DEF6AEC0032478E /* Info.plist */ = {isa = PBXFileReference; lastKnownFileType = text.plist.xml; path = Info.plist; sourceTree = "<group>"; };
/* End PBXFileReference section */

/* Begin PBXFrameworksBuildPhase section */
		7E86ECE11DEF6AEC0032478E /* Frameworks */ = {
			isa = PBXFrameworksBuildPhase;
			buildActionMask = 2147483647;
			files = (
			);
			runOnlyForDeploymentPostprocessing = 0;
		};
/* End PBXFrameworksBuildPhase section */

/* Begin PBXGroup section */
		7E86ECDB1DEF6AEC0032478E = {
			isa = PBXGroup;
			children = (
				7E86ECE61DEF6AEC0032478E /* TipPro */,
				7E86ECE51DEF6AEC0032478E /* Products */,
			);
			sourceTree = "<group>";
		};
		7E86ECE51DEF6AEC0032478E /* Products */ = {
			isa = PBXGroup;
			children = (
				7E86ECE41DEF6AEC0032478E /* TipPro.app */,
			);
			name = Products;
			sourceTree = "<group>";
		};
		7E86ECE61DEF6AEC0032478E /* TipPro */ = {
			isa = PBXGroup;
			children = (
				7E86ECE71DEF6AEC0032478E /* AppDelegate.swift */,
				7E86ECE91DEF6AEC0032478E /* ViewController.swift */,
				7E86ECEB1DEF6AEC0032478E /* Main.storyboard */,
				7E86ECEE1DEF6AEC0032478E /* Assets.xcassets */,
				7E86ECF01DEF6AEC0032478E /* LaunchScreen.storyboard */,
				7E86ECF31DEF6AEC0032478E /* Info.plist */,
			);
			path = TipPro;
			sourceTree = "<group>";
		};
/* End PBXGroup section */

/* Begin PBXNativeTarget section */
		7E86ECE31DEF6AEC0032478E /* TipPro */ = {
			isa = PBXNativeTarget;
			buildConfigurationList = 7E86ECF61DEF6AEC0032478E /* Build configuration list for PBXNativeTarget "TipPro" */;
			buildPhases = (
				7E86ECE01DEF6AEC0032478E /* Sources */,
				7E86ECE11DEF6AEC0032478E /* Frameworks */,
				7E86ECE21DEF6AEC0032478E /* Resources */,
			);
			buildRules = (
			);
			dependencies = (
			);
			name = TipPro;
			productName = TipPro;
			productReference = 7E86ECE41DEF6AEC0032478E /* TipPro.app */;
			productType = "com.apple.product-type.application";
		};
/* End PBXNativeTarget section */

/* Begin PBXProject section */
		7E86ECDC1DEF6AEC0032478E /* Project object */ = {
			isa = PBXProject;
			attributes = {
				LastSwiftUpdateCheck = 0730;
				LastUpgradeCheck = 0730;
				ORGANIZATIONNAME = "Mehmet Sadıç";
				TargetAttributes = {
					7E86ECE31DEF6AEC0032478E = {
						CreatedOnToolsVersion = 7.3.1;
						DevelopmentTeam = CR7H5END6Y;
					};
				};
			};
			buildConfigurationList = 7E86ECDF1DEF6AEC0032478E /* Build configuration list for PBXProject "TipPro" */;
			compatibilityVersion = "Xcode 3.2";
			developmentRegion = English;
			hasScannedForEncodings = 0;
			knownRegions = (
				en,
				Base,
			);
			mainGroup = 7E86ECDB1DEF6AEC0032478E;
			productRefGroup = 7E86ECE51DEF6AEC0032478E /* Products */;
			projectDirPath = "";
			projectRoot = "";
			targets = (
				7E86ECE31DEF6AEC0032478E /* TipPro */,
			);
		};
/* End PBXProject section */

/* Begin PBXResourcesBuildPhase section */
		7E86ECE21DEF6AEC0032478E /* Resources */ = {
			isa = PBXResourcesBuildPhase;
			buildActionMask = 2147483647;
			files = (
				7E86ECF21DEF6AEC0032478E /* LaunchScreen.storyboard in Resources */,
				7E86ECEF1DEF6AEC0032478E /* Assets.xcassets in Resources */,
				7E86ECED1DEF6AEC0032478E /* Main.storyboard in Resources */,
			);
			runOnlyForDeploymentPostprocessing = 0;
		};
/* End PBXResourcesBuildPhase section */

/* Begin PBXSourcesBuildPhase section */
		7E86ECE01DEF6AEC0032478E /* Sources */ = {
			isa = PBXSourcesBuildPhase;
			buildActionMask = 2147483647;
			files = (
				7E86ECEA1DEF6AEC0032478E /* ViewController.swift in Sources */,
				7E86ECE81DEF6AEC0032478E /* AppDelegate.swift in Sources */,
			);
			runOnlyForDeploymentPostprocessing = 0;
		};
/* End PBXSourcesBuildPhase section */

/* Begin PBXVariantGroup section */
		7E86ECEB1DEF6AEC0032478E /* Main.storyboard */ = {
			isa = PBXVariantGroup;
			children = (
				7E86ECEC1DEF6AEC0032478E /* Base */,
			);
			name = Main.storyboard;
			sourceTree = "<group>";
		};
		7E86ECF01DEF6AEC0032478E /* LaunchScreen.storyboard */ = {
			isa = PBXVariantGroup;
			children = (
				7E86ECF11DEF6AEC0032478E /* Base */,
			);
			name = LaunchScreen.storyboard;
			sourceTree = "<group>";
		};
/* End PBXVariantGroup section */

/* Begin XCBuildConfiguration section */
		7E86ECF41DEF6AEC0032478E /* Debug */ = {
			isa = XCBuildConfiguration;
			buildSettings = {
				ALWAYS_SEARCH_USER_PATHS = NO;
				CLANG_ANALYZER_NONNULL = YES;
				CLANG_CXX_LANGUAGE_STANDARD = "gnu++0x";
				CLANG_CXX_LIBRARY = "libc++";
				CLANG_ENABLE_MODULES = YES;
				CLANG_ENABLE_OBJC_ARC = YES;
				CLANG_WARN_BOOL_CONVERSION = YES;
				CLANG_WARN_CONSTANT_CONVERSION = YES;
				CLANG_WARN_DIRECT_OBJC_ISA_USAGE = YES_ERROR;
				CLANG_WARN_EMPTY_BODY = YES;
				CLANG_WARN_ENUM_CONVERSION = YES;
				CLANG_WARN_INT_CONVERSION = YES;
				CLANG_WARN_OBJC_ROOT_CLASS = YES_ERROR;
				CLANG_WARN_UNREACHABLE_CODE = YES;
				CLANG_WARN__DUPLICATE_METHOD_MATCH = YES;
				"CODE_SIGN_IDENTITY[sdk=iphoneos*]" = "iPhone Developer";
				COPY_PHASE_STRIP = NO;
				DEBUG_INFORMATION_FORMAT = dwarf;
				ENABLE_STRICT_OBJC_MSGSEND = YES;
				ENABLE_TESTABILITY = YES;
				GCC_C_LANGUAGE_STANDARD = gnu99;
				GCC_DYNAMIC_NO_PIC = NO;
				GCC_NO_COMMON_BLOCKS = YES;
				GCC_OPTIMIZATION_LEVEL = 0;
				GCC_PREPROCESSOR_DEFINITIONS = (
					"DEBUG=1",
					"$(inherited)",
				);
				GCC_WARN_64_TO_32_BIT_CONVERSION = YES;
				GCC_WARN_ABOUT_RETURN_TYPE = YES_ERROR;
				GCC_WARN_UNDECLARED_SELECTOR = YES;
				GCC_WARN_UNINITIALIZED_AUTOS = YES_AGGRESSIVE;
				GCC_WARN_UNUSED_FUNCTION = YES;
				GCC_WARN_UNUSED_VARIABLE = YES;
				IPHONEOS_DEPLOYMENT_TARGET = 9.3;
				MTL_ENABLE_DEBUG_INFO = YES;
				ONLY_ACTIVE_ARCH = YES;
				SDKROOT = iphoneos;
				SWIFT_OPTIMIZATION_LEVEL = "-Onone";
			};
			name = Debug;
		};
		7E86ECF51DEF6AEC0032478E /* Release */ = {
			isa = XCBuildConfiguration;
			buildSettings = {
				ALWAYS_SEARCH_USER_PATHS = NO;
				CLANG_ANALYZER_NONNULL = YES;
				CLANG_CXX_LANGUAGE_STANDARD = "gnu++0x";
				CLANG_CXX_LIBRARY = "libc++";
				CLANG_ENABLE_MODULES = YES;
				CLANG_ENABLE_OBJC_ARC = YES;
				CLANG_WARN_BOOL_CONVERSION = YES;
				CLANG_WARN_CONSTANT_CONVERSION = YES;
				CLANG_WARN_DIRECT_OBJC_ISA_USAGE = YES_ERROR;
				CLANG_WARN_EMPTY_BODY = YES;
				CLANG_WARN_ENUM_CONVERSION = YES;
				CLANG_WARN_INT_CONVERSION = YES;
				CLANG_WARN_OBJC_ROOT_CLASS = YES_ERROR;
				CLANG_WARN_UNREACHABLE_CODE = YES;
				CLANG_WARN__DUPLICATE_METHOD_MATCH = YES;
				"CODE_SIGN_IDENTITY[sdk=iphoneos*]" = "iPhone Developer";
				COPY_PHASE_STRIP = NO;
				DEBUG_INFORMATION_FORMAT = "dwarf-with-dsym";
				ENABLE_NS_ASSERTIONS = NO;
				ENABLE_STRICT_OBJC_MSGSEND = YES;
				GCC_C_LANGUAGE_STANDARD = gnu99;
				GCC_NO_COMMON_BLOCKS = YES;
				GCC_WARN_64_TO_32_BIT_CONVERSION = YES;
				GCC_WARN_ABOUT_RETURN_TYPE = YES_ERROR;
				GCC_WARN_UNDECLARED_SELECTOR = YES;
				GCC_WARN_UNINITIALIZED_AUTOS = YES_AGGRESSIVE;
				GCC_WARN_UNUSED_FUNCTION = YES;
				GCC_WARN_UNUSED_VARIABLE = YES;
				IPHONEOS_DEPLOYMENT_TARGET = 9.3;
				MTL_ENABLE_DEBUG_INFO = NO;
				SDKROOT = iphoneos;
				VALIDATE_PRODUCT = YES;
			};
			name = Release;
		};
		7E86ECF71DEF6AEC0032478E /* Debug */ = {
			isa = XCBuildConfiguration;
			buildSettings = {
				ASSETCATALOG_COMPILER_APPICON_NAME = AppIcon;
				INFOPLIST_FILE = TipPro/Info.plist;
				LD_RUNPATH_SEARCH_PATHS = "$(inherited) @executable_path/Frameworks";
				PRODUCT_BUNDLE_IDENTIFIER = com.mehmetsadic.TipPro;
				PRODUCT_NAME = "$(TARGET_NAME)";
			};
			name = Debug;
		};
		7E86ECF81DEF6AEC0032478E /* Release */ = {
			isa = XCBuildConfiguration;
			buildSettings = {
				ASSETCATALOG_COMPILER_APPICON_NAME = AppIcon;
				INFOPLIST_FILE = TipPro/Info.plist;
				LD_RUNPATH_SEARCH_PATHS = "$(inherited) @executable_path/Frameworks";
				PRODUCT_BUNDLE_IDENTIFIER = com.mehmetsadic.TipPro;
				PRODUCT_NAME = "$(TARGET_NAME)";
			};
			name = Release;
		};
/* End XCBuildConfiguration section */

/* Begin XCConfigurationList section */
		7E86ECDF1DEF6AEC0032478E /* Build configuration list for PBXProject "TipPro" */ = {
			isa = XCConfigurationList;
			buildConfigurations = (
				7E86ECF41DEF6AEC0032478E /* Debug */,
				7E86ECF51DEF6AEC0032478E /* Release */,
			);
			defaultConfigurationIsVisible = 0;
			defaultConfigurationName = Release;
		};
		7E86ECF61DEF6AEC0032478E /* Build configuration list for PBXNativeTarget "TipPro" */ = {
			isa = XCConfigurationList;
			buildConfigurations = (
				7E86ECF71DEF6AEC0032478E /* Debug */,
				7E86ECF81DEF6AEC0032478E /* Release */,
			);
			defaultConfigurationIsVisible = 0;
		};
/* End XCConfigurationList section */
	};
	rootObject = 7E86ECDC1DEF6AEC0032478E /* Project object */;
}
